
Microsoft Visual Studio Solution File, Format Version 12.00
# Visual Studio 15
VisualStudioVersion = 15.0.27703.2000
MinimumVisualStudioVersion = 10.0.40219.1
Project("{FAE04EC0-301F-11D3-BF4B-00C04F79EFBC}") = "EF_Ladestrategien", "EF_Ladestrategien\EF_Ladestrategien.csproj", "{B74D32AF-C4B7-4FE9-A076-B52DCC3F4761}"
EndProject
Global
	GlobalSection(SolutionConfigurationPlatforms) = preSolution
		Debug|Any CPU = Debug|Any CPU
		Release|Any CPU = Release|Any CPU
	EndGlobalSection
	GlobalSection(ProjectConfigurationPlatforms) = postSolution
		{B74D32AF-C4B7-4FE9-A076-B52DCC3F4761}.Debug|Any CPU.ActiveCfg = Debug|Any CPU
		{B74D32AF-C4B7-4FE9-A076-B52DCC3F4761}.Debug|Any CPU.Build.0 = Debug|Any CPU
		{B74D32AF-C4B7-4FE9-A076-B52DCC3F4761}.Release|Any CPU.ActiveCfg = Release|Any CPU
		{B74D32AF-C4B7-4FE9-A076-B52DCC3F4761}.Release|Any CPU.Build.0 = Release|Any CPU
	EndGlobalSection
	GlobalSection(SolutionProperties) = preSolution
		HideSolutionNode = FALSE
	EndGlobalSection
	GlobalSection(ExtensibilityGlobals) = postSolution
		SolutionGuid = {6733EA5A-E391-4BEC-A035-7940C703E58C}
	EndGlobalSection
EndGlobal
